
Microsoft Visual Studio Solution File, Format Version 12.00
# Visual Studio 15
VisualStudioVersion = 15.0.28307.902
MinimumVisualStudioVersion = 10.0.40219.1
Project("{FAE04EC0-301F-11D3-BF4B-00C04F79EFBC}") = "EnvironnementNewsApi", "EnvironnementNewsApi\EnvironnementNewsApi.csproj", "{4D1A4478-349B-44D4-888B-AD408C6E115E}"
EndProject
Project("{FAE04EC0-301F-11D3-BF4B-00C04F79EFBC}") = "EnvironnementNewsApi.Data", "EnvironnementNewsApi.Data\EnvironnementNewsApi.Data.csproj", "{89C9E6E0-92EE-45B0-94F5-FDA6A2DB83EB}"
EndProject
Project("{FAE04EC0-301F-11D3-BF4B-00C04F79EFBC}") = "EnvironnementNewsApi.Logique", "EnvironnementNewsApi.Logique\EnvironnementNewsApi.Logique.csproj", "{A5444FB4-CC41-4838-AAF4-CEF85DC19A45}"
EndProject
Global
	GlobalSection(SolutionConfigurationPlatforms) = preSolution
		Debug|Any CPU = Debug|Any CPU
		Release|Any CPU = Release|Any CPU
	EndGlobalSection
	GlobalSection(ProjectConfigurationPlatforms) = postSolution
		{4D1A4478-349B-44D4-888B-AD408C6E115E}.Debug|Any CPU.ActiveCfg = Debug|Any CPU
		{4D1A4478-349B-44D4-888B-AD408C6E115E}.Debug|Any CPU.Build.0 = Debug|Any CPU
		{4D1A4478-349B-44D4-888B-AD408C6E115E}.Release|Any CPU.ActiveCfg = Release|Any CPU
		{4D1A4478-349B-44D4-888B-AD408C6E115E}.Release|Any CPU.Build.0 = Release|Any CPU
		{89C9E6E0-92EE-45B0-94F5-FDA6A2DB83EB}.Debug|Any CPU.ActiveCfg = Debug|Any CPU
		{89C9E6E0-92EE-45B0-94F5-FDA6A2DB83EB}.Debug|Any CPU.Build.0 = Debug|Any CPU
		{89C9E6E0-92EE-45B0-94F5-FDA6A2DB83EB}.Release|Any CPU.ActiveCfg = Release|Any CPU
		{89C9E6E0-92EE-45B0-94F5-FDA6A2DB83EB}.Release|Any CPU.Build.0 = Release|Any CPU
		{A5444FB4-CC41-4838-AAF4-CEF85DC19A45}.Debug|Any CPU.ActiveCfg = Debug|Any CPU
		{A5444FB4-CC41-4838-AAF4-CEF85DC19A45}.Debug|Any CPU.Build.0 = Debug|Any CPU
		{A5444FB4-CC41-4838-AAF4-CEF85DC19A45}.Release|Any CPU.ActiveCfg = Release|Any CPU
		{A5444FB4-CC41-4838-AAF4-CEF85DC19A45}.Release|Any CPU.Build.0 = Release|Any CPU
	EndGlobalSection
	GlobalSection(SolutionProperties) = preSolution
		HideSolutionNode = FALSE
	EndGlobalSection
	GlobalSection(ExtensibilityGlobals) = postSolution
		SolutionGuid = {BF7CD870-1C43-4149-BE56-F8AA751D5E5F}
	EndGlobalSection
EndGlobal
